// !$*UTF8*$!
{
	archiveVersion = 1;
	classes = {
	};
	objectVersion = 50;
	objects = {

/* Begin PBXBuildFile section */
		B76485BD2489310D00861D05 /* PlaygroundShim.framework in Frameworks */ = {isa = PBXBuildFile; fileRef = B76485BC2489310D00861D05 /* PlaygroundShim.framework */; };
		B76485BE2489310D00861D05 /* PlaygroundShim.framework in Embed Frameworks */ = {isa = PBXBuildFile; fileRef = B76485BC2489310D00861D05 /* PlaygroundShim.framework */; settings = {ATTRIBUTES = (CodeSignOnCopy, RemoveHeadersOnCopy, ); }; };
		B76485C22489312100861D05 /* TableController.framework in Frameworks */ = {isa = PBXBuildFile; fileRef = B76485BF2489312100861D05 /* TableController.framework */; };
		B76485C32489312100861D05 /* TableController.framework in Embed Frameworks */ = {isa = PBXBuildFile; fileRef = B76485BF2489312100861D05 /* TableController.framework */; settings = {ATTRIBUTES = (CodeSignOnCopy, RemoveHeadersOnCopy, ); }; };
		B76485C42489312100861D05 /* UIUtils.framework in Frameworks */ = {isa = PBXBuildFile; fileRef = B76485C02489312100861D05 /* UIUtils.framework */; };
		B76485C52489312100861D05 /* UIUtils.framework in Embed Frameworks */ = {isa = PBXBuildFile; fileRef = B76485C02489312100861D05 /* UIUtils.framework */; settings = {ATTRIBUTES = (CodeSignOnCopy, RemoveHeadersOnCopy, ); }; };
		B76485C62489312100861D05 /* YogaLayout.framework in Frameworks */ = {isa = PBXBuildFile; fileRef = B76485C12489312100861D05 /* YogaLayout.framework */; };
		B76485C72489312100861D05 /* YogaLayout.framework in Embed Frameworks */ = {isa = PBXBuildFile; fileRef = B76485C12489312100861D05 /* YogaLayout.framework */; settings = {ATTRIBUTES = (CodeSignOnCopy, RemoveHeadersOnCopy, ); }; };
		B7F8D52D246C5B71006022F3 /* AppDelegate.swift in Sources */ = {isa = PBXBuildFile; fileRef = B7F8D52C246C5B71006022F3 /* AppDelegate.swift */; };
		B7F8D52F246C5B71006022F3 /* SceneDelegate.swift in Sources */ = {isa = PBXBuildFile; fileRef = B7F8D52E246C5B71006022F3 /* SceneDelegate.swift */; };
		B7F8D531246C5B71006022F3 /* ContentView.swift in Sources */ = {isa = PBXBuildFile; fileRef = B7F8D530246C5B71006022F3 /* ContentView.swift */; };
		B7F8D533246C5B75006022F3 /* Assets.xcassets in Resources */ = {isa = PBXBuildFile; fileRef = B7F8D532246C5B75006022F3 /* Assets.xcassets */; };
		B7F8D536246C5B75006022F3 /* Preview Assets.xcassets in Resources */ = {isa = PBXBuildFile; fileRef = B7F8D535246C5B75006022F3 /* Preview Assets.xcassets */; };
		B7F8D539246C5B75006022F3 /* LaunchScreen.storyboard in Resources */ = {isa = PBXBuildFile; fileRef = B7F8D537246C5B75006022F3 /* LaunchScreen.storyboard */; };
		B7F8D541246C5BB1006022F3 /* TestViewController.swift in Sources */ = {isa = PBXBuildFile; fileRef = B7F8D540246C5BB1006022F3 /* TestViewController.swift */; };
/* End PBXBuildFile section */

/* Begin PBXCopyFilesBuildPhase section */
		B7EBA92A24856FE1009CE3B3 /* Embed Frameworks */ = {
			isa = PBXCopyFilesBuildPhase;
			buildActionMask = 2147483647;
			dstPath = "";
			dstSubfolderSpec = 10;
			files = (
				B76485C52489312100861D05 /* UIUtils.framework in Embed Frameworks */,
				B76485BE2489310D00861D05 /* PlaygroundShim.framework in Embed Frameworks */,
				B76485C72489312100861D05 /* YogaLayout.framework in Embed Frameworks */,
				B76485C32489312100861D05 /* TableController.framework in Embed Frameworks */,
			);
			name = "Embed Frameworks";
			runOnlyForDeploymentPostprocessing = 0;
		};
/* End PBXCopyFilesBuildPhase section */

/* Begin PBXFileReference section */
		B76485BC2489310D00861D05 /* PlaygroundShim.framework */ = {isa = PBXFileReference; lastKnownFileType = wrapper.framework; path = PlaygroundShim.framework; sourceTree = BUILT_PRODUCTS_DIR; };
		B76485BF2489312100861D05 /* TableController.framework */ = {isa = PBXFileReference; lastKnownFileType = wrapper.framework; path = TableController.framework; sourceTree = BUILT_PRODUCTS_DIR; };
		B76485C02489312100861D05 /* UIUtils.framework */ = {isa = PBXFileReference; lastKnownFileType = wrapper.framework; path = UIUtils.framework; sourceTree = BUILT_PRODUCTS_DIR; };
		B76485C12489312100861D05 /* YogaLayout.framework */ = {isa = PBXFileReference; lastKnownFileType = wrapper.framework; path = YogaLayout.framework; sourceTree = BUILT_PRODUCTS_DIR; };
		B7F8D529246C5B71006022F3 /* SimpleApp.app */ = {isa = PBXFileReference; explicitFileType = wrapper.application; includeInIndex = 0; path = SimpleApp.app; sourceTree = BUILT_PRODUCTS_DIR; };
		B7F8D52C246C5B71006022F3 /* AppDelegate.swift */ = {isa = PBXFileReference; lastKnownFileType = sourcecode.swift; path = AppDelegate.swift; sourceTree = "<group>"; };
		B7F8D52E246C5B71006022F3 /* SceneDelegate.swift */ = {isa = PBXFileReference; lastKnownFileType = sourcecode.swift; path = SceneDelegate.swift; sourceTree = "<group>"; };
		B7F8D530246C5B71006022F3 /* ContentView.swift */ = {isa = PBXFileReference; lastKnownFileType = sourcecode.swift; path = ContentView.swift; sourceTree = "<group>"; };
		B7F8D532246C5B75006022F3 /* Assets.xcassets */ = {isa = PBXFileReference; lastKnownFileType = folder.assetcatalog; path = Assets.xcassets; sourceTree = "<group>"; };
		B7F8D535246C5B75006022F3 /* Preview Assets.xcassets */ = {isa = PBXFileReference; lastKnownFileType = folder.assetcatalog; path = "Preview Assets.xcassets"; sourceTree = "<group>"; };
		B7F8D538246C5B75006022F3 /* Base */ = {isa = PBXFileReference; lastKnownFileType = file.storyboard; name = Base; path = Base.lproj/LaunchScreen.storyboard; sourceTree = "<group>"; };
		B7F8D53A246C5B75006022F3 /* Info.plist */ = {isa = PBXFileReference; lastKnownFileType = text.plist.xml; path = Info.plist; sourceTree = "<group>"; };
		B7F8D540246C5BB1006022F3 /* TestViewController.swift */ = {isa = PBXFileReference; lastKnownFileType = sourcecode.swift; path = TestViewController.swift; sourceTree = "<group>"; };
/* End PBXFileReference section */

/* Begin PBXFrameworksBuildPhase section */
		B7F8D526246C5B71006022F3 /* Frameworks */ = {
			isa = PBXFrameworksBuildPhase;
			buildActionMask = 2147483647;
			files = (
				B76485C42489312100861D05 /* UIUtils.framework in Frameworks */,
				B76485BD2489310D00861D05 /* PlaygroundShim.framework in Frameworks */,
				B76485C62489312100861D05 /* YogaLayout.framework in Frameworks */,
				B76485C22489312100861D05 /* TableController.framework in Frameworks */,
			);
			runOnlyForDeploymentPostprocessing = 0;
		};
/* End PBXFrameworksBuildPhase section */

/* Begin PBXGroup section */
		B73C589E24853445005AB370 /* Frameworks */ = {
			isa = PBXGroup;
			children = (
				B76485BF2489312100861D05 /* TableController.framework */,
				B76485C02489312100861D05 /* UIUtils.framework */,
				B76485C12489312100861D05 /* YogaLayout.framework */,
				B76485BC2489310D00861D05 /* PlaygroundShim.framework */,
			);
			name = Frameworks;
			sourceTree = "<group>";
		};
		B7F8D520246C5B71006022F3 = {
			isa = PBXGroup;
			children = (
				B7F8D52B246C5B71006022F3 /* SimpleApp */,
				B7F8D52A246C5B71006022F3 /* Products */,
				B73C589E24853445005AB370 /* Frameworks */,
			);
			sourceTree = "<group>";
		};
		B7F8D52A246C5B71006022F3 /* Products */ = {
			isa = PBXGroup;
			children = (
				B7F8D529246C5B71006022F3 /* SimpleApp.app */,
			);
			name = Products;
			sourceTree = "<group>";
		};
		B7F8D52B246C5B71006022F3 /* SimpleApp */ = {
			isa = PBXGroup;
			children = (
				B7F8D52C246C5B71006022F3 /* AppDelegate.swift */,
				B7F8D540246C5BB1006022F3 /* TestViewController.swift */,
				B7F8D52E246C5B71006022F3 /* SceneDelegate.swift */,
				B7F8D530246C5B71006022F3 /* ContentView.swift */,
				B7F8D532246C5B75006022F3 /* Assets.xcassets */,
				B7F8D537246C5B75006022F3 /* LaunchScreen.storyboard */,
				B7F8D53A246C5B75006022F3 /* Info.plist */,
				B7F8D534246C5B75006022F3 /* Preview Content */,
			);
			path = SimpleApp;
			sourceTree = "<group>";
		};
		B7F8D534246C5B75006022F3 /* Preview Content */ = {
			isa = PBXGroup;
			children = (
				B7F8D535246C5B75006022F3 /* Preview Assets.xcassets */,
			);
			path = "Preview Content";
			sourceTree = "<group>";
		};
/* End PBXGroup section */

/* Begin PBXNativeTarget section */
		B7F8D528246C5B71006022F3 /* SimpleApp */ = {
			isa = PBXNativeTarget;
			buildConfigurationList = B7F8D53D246C5B75006022F3 /* Build configuration list for PBXNativeTarget "SimpleApp" */;
			buildPhases = (
				B7F8D525246C5B71006022F3 /* Sources */,
				B7F8D526246C5B71006022F3 /* Frameworks */,
				B7F8D527246C5B71006022F3 /* Resources */,
				B7EBA92A24856FE1009CE3B3 /* Embed Frameworks */,
			);
			buildRules = (
			);
			dependencies = (
			);
			name = SimpleApp;
			packageProductDependencies = (
			);
			productName = SimpleApp;
			productReference = B7F8D529246C5B71006022F3 /* SimpleApp.app */;
			productType = "com.apple.product-type.application";
		};
/* End PBXNativeTarget section */

/* Begin PBXProject section */
		B7F8D521246C5B71006022F3 /* Project object */ = {
			isa = PBXProject;
			attributes = {
				LastSwiftUpdateCheck = 1140;
				LastUpgradeCheck = 1140;
				ORGANIZATIONNAME = "Ruslan V. Gumennyy";
				TargetAttributes = {
					B7F8D528246C5B71006022F3 = {
						CreatedOnToolsVersion = 11.4;
					};
				};
			};
			buildConfigurationList = B7F8D524246C5B71006022F3 /* Build configuration list for PBXProject "SimpleApp" */;
			compatibilityVersion = "Xcode 9.3";
			developmentRegion = en;
			hasScannedForEncodings = 0;
			knownRegions = (
				en,
				Base,
			);
			mainGroup = B7F8D520246C5B71006022F3;
			productRefGroup = B7F8D52A246C5B71006022F3 /* Products */;
			projectDirPath = "";
			projectRoot = "";
			targets = (
				B7F8D528246C5B71006022F3 /* SimpleApp */,
			);
		};
/* End PBXProject section */

/* Begin PBXResourcesBuildPhase section */
		B7F8D527246C5B71006022F3 /* Resources */ = {
			isa = PBXResourcesBuildPhase;
			buildActionMask = 2147483647;
			files = (
				B7F8D539246C5B75006022F3 /* LaunchScreen.storyboard in Resources */,
				B7F8D536246C5B75006022F3 /* Preview Assets.xcassets in Resources */,
				B7F8D533246C5B75006022F3 /* Assets.xcassets in Resources */,
			);
			runOnlyForDeploymentPostprocessing = 0;
		};
/* End PBXResourcesBuildPhase section */

/* Begin PBXSourcesBuildPhase section */
		B7F8D525246C5B71006022F3 /* Sources */ = {
			isa = PBXSourcesBuildPhase;
			buildActionMask = 2147483647;
			files = (
				B7F8D52D246C5B71006022F3 /* AppDelegate.swift in Sources */,
				B7F8D52F246C5B71006022F3 /* SceneDelegate.swift in Sources */,
				B7F8D541246C5BB1006022F3 /* TestViewController.swift in Sources */,
				B7F8D531246C5B71006022F3 /* ContentView.swift in Sources */,
			);
			runOnlyForDeploymentPostprocessing = 0;
		};
/* End PBXSourcesBuildPhase section */

/* Begin PBXVariantGroup section */
		B7F8D537246C5B75006022F3 /* LaunchScreen.storyboard */ = {
			isa = PBXVariantGroup;
			children = (
				B7F8D538246C5B75006022F3 /* Base */,
			);
			name = LaunchScreen.storyboard;
			sourceTree = "<group>";
		};
/* End PBXVariantGroup section */

/* Begin XCBuildConfiguration section */
		B7F8D53B246C5B75006022F3 /* Debug */ = {
			isa = XCBuildConfiguration;
			buildSettings = {
				ALWAYS_SEARCH_USER_PATHS = NO;
				CLANG_ANALYZER_NONNULL = YES;
				CLANG_ANALYZER_NUMBER_OBJECT_CONVERSION = YES_AGGRESSIVE;
				CLANG_CXX_LANGUAGE_STANDARD = "gnu++14";
				CLANG_CXX_LIBRARY = "libc++";
				CLANG_ENABLE_MODULES = YES;
				CLANG_ENABLE_OBJC_ARC = YES;
				CLANG_ENABLE_OBJC_WEAK = YES;
				CLANG_WARN_BLOCK_CAPTURE_AUTORELEASING = YES;
				CLANG_WARN_BOOL_CONVERSION = YES;
				CLANG_WARN_COMMA = YES;
				CLANG_WARN_CONSTANT_CONVERSION = YES;
				CLANG_WARN_DEPRECATED_OBJC_IMPLEMENTATIONS = YES;
				CLANG_WARN_DIRECT_OBJC_ISA_USAGE = YES_ERROR;
				CLANG_WARN_DOCUMENTATION_COMMENTS = YES;
				CLANG_WARN_EMPTY_BODY = YES;
				CLANG_WARN_ENUM_CONVERSION = YES;
				CLANG_WARN_INFINITE_RECURSION = YES;
				CLANG_WARN_INT_CONVERSION = YES;
				CLANG_WARN_NON_LITERAL_NULL_CONVERSION = YES;
				CLANG_WARN_OBJC_IMPLICIT_RETAIN_SELF = YES;
				CLANG_WARN_OBJC_LITERAL_CONVERSION = YES;
				CLANG_WARN_OBJC_ROOT_CLASS = YES_ERROR;
				CLANG_WARN_RANGE_LOOP_ANALYSIS = YES;
				CLANG_WARN_STRICT_PROTOTYPES = YES;
				CLANG_WARN_SUSPICIOUS_MOVE = YES;
				CLANG_WARN_UNGUARDED_AVAILABILITY = YES_AGGRESSIVE;
				CLANG_WARN_UNREACHABLE_CODE = YES;
				CLANG_WARN__DUPLICATE_METHOD_MATCH = YES;
				COPY_PHASE_STRIP = NO;
				DEBUG_INFORMATION_FORMAT = dwarf;
				ENABLE_STRICT_OBJC_MSGSEND = YES;
				ENABLE_TESTABILITY = YES;
				GCC_C_LANGUAGE_STANDARD = gnu11;
				GCC_DYNAMIC_NO_PIC = NO;
				GCC_NO_COMMON_BLOCKS = YES;
				GCC_OPTIMIZATION_LEVEL = 0;
				GCC_PREPROCESSOR_DEFINITIONS = (
					"DEBUG=1",
					"$(inherited)",
				);
				GCC_WARN_64_TO_32_BIT_CONVERSION = YES;
				GCC_WARN_ABOUT_RETURN_TYPE = YES_ERROR;
				GCC_WARN_UNDECLARED_SELECTOR = YES;
				GCC_WARN_UNINITIALIZED_AUTOS = YES_AGGRESSIVE;
				GCC_WARN_UNUSED_FUNCTION = YES;
				GCC_WARN_UNUSED_VARIABLE = YES;
				IPHONEOS_DEPLOYMENT_TARGET = 13.4;
				MTL_ENABLE_DEBUG_INFO = INCLUDE_SOURCE;
				MTL_FAST_MATH = YES;
				ONLY_ACTIVE_ARCH = YES;
				SDKROOT = iphoneos;
				SWIFT_ACTIVE_COMPILATION_CONDITIONS = DEBUG;
				SWIFT_OPTIMIZATION_LEVEL = "-Onone";
			};
			name = Debug;
		};
		B7F8D53C246C5B75006022F3 /* Release */ = {
			isa = XCBuildConfiguration;
			buildSettings = {
				ALWAYS_SEARCH_USER_PATHS = NO;
				CLANG_ANALYZER_NONNULL = YES;
				CLANG_ANALYZER_NUMBER_OBJECT_CONVERSION = YES_AGGRESSIVE;
				CLANG_CXX_LANGUAGE_STANDARD = "gnu++14";
				CLANG_CXX_LIBRARY = "libc++";
				CLANG_ENABLE_MODULES = YES;
				CLANG_ENABLE_OBJC_ARC = YES;
				CLANG_ENABLE_OBJC_WEAK = YES;
				CLANG_WARN_BLOCK_CAPTURE_AUTORELEASING = YES;
				CLANG_WARN_BOOL_CONVERSION = YES;
				CLANG_WARN_COMMA = YES;
				CLANG_WARN_CONSTANT_CONVERSION = YES;
				CLANG_WARN_DEPRECATED_OBJC_IMPLEMENTATIONS = YES;
				CLANG_WARN_DIRECT_OBJC_ISA_USAGE = YES_ERROR;
				CLANG_WARN_DOCUMENTATION_COMMENTS = YES;
				CLANG_WARN_EMPTY_BODY = YES;
				CLANG_WARN_ENUM_CONVERSION = YES;
				CLANG_WARN_INFINITE_RECURSION = YES;
				CLANG_WARN_INT_CONVERSION = YES;
				CLANG_WARN_NON_LITERAL_NULL_CONVERSION = YES;
				CLANG_WARN_OBJC_IMPLICIT_RETAIN_SELF = YES;
				CLANG_WARN_OBJC_LITERAL_CONVERSION = YES;
				CLANG_WARN_OBJC_ROOT_CLASS = YES_ERROR;
				CLANG_WARN_RANGE_LOOP_ANALYSIS = YES;
				CLANG_WARN_STRICT_PROTOTYPES = YES;
				CLANG_WARN_SUSPICIOUS_MOVE = YES;
				CLANG_WARN_UNGUARDED_AVAILABILITY = YES_AGGRESSIVE;
				CLANG_WARN_UNREACHABLE_CODE = YES;
				CLANG_WARN__DUPLICATE_METHOD_MATCH = YES;
				COPY_PHASE_STRIP = NO;
				DEBUG_INFORMATION_FORMAT = "dwarf-with-dsym";
				ENABLE_NS_ASSERTIONS = NO;
				ENABLE_STRICT_OBJC_MSGSEND = YES;
				GCC_C_LANGUAGE_STANDARD = gnu11;
				GCC_NO_COMMON_BLOCKS = YES;
				GCC_WARN_64_TO_32_BIT_CONVERSION = YES;
				GCC_WARN_ABOUT_RETURN_TYPE = YES_ERROR;
				GCC_WARN_UNDECLARED_SELECTOR = YES;
				GCC_WARN_UNINITIALIZED_AUTOS = YES_AGGRESSIVE;
				GCC_WARN_UNUSED_FUNCTION = YES;
				GCC_WARN_UNUSED_VARIABLE = YES;
				IPHONEOS_DEPLOYMENT_TARGET = 13.4;
				MTL_ENABLE_DEBUG_INFO = NO;
				MTL_FAST_MATH = YES;
				SDKROOT = iphoneos;
				SWIFT_COMPILATION_MODE = wholemodule;
				SWIFT_OPTIMIZATION_LEVEL = "-O";
				VALIDATE_PRODUCT = YES;
			};
			name = Release;
		};
		B7F8D53E246C5B75006022F3 /* Debug */ = {
			isa = XCBuildConfiguration;
			buildSettings = {
				ASSETCATALOG_COMPILER_APPICON_NAME = AppIcon;
				CODE_SIGN_STYLE = Automatic;
				DEVELOPMENT_ASSET_PATHS = "\"SimpleApp/Preview Content\"";
				DEVELOPMENT_TEAM = 7V6EA5DYR3;
				ENABLE_PREVIEWS = YES;
				INFOPLIST_FILE = SimpleApp/Info.plist;
				LD_RUNPATH_SEARCH_PATHS = (
					"$(inherited)",
					"@executable_path/Frameworks",
				);
				PRODUCT_BUNDLE_IDENTIFIER = fanruten.SimpleApp;
				PRODUCT_NAME = "$(TARGET_NAME)";
				SWIFT_VERSION = 5.0;
				TARGETED_DEVICE_FAMILY = "1,2";
			};
			name = Debug;
		};
		B7F8D53F246C5B75006022F3 /* Release */ = {
			isa = XCBuildConfiguration;
			buildSettings = {
				ASSETCATALOG_COMPILER_APPICON_NAME = AppIcon;
				CODE_SIGN_STYLE = Automatic;
				DEVELOPMENT_ASSET_PATHS = "\"SimpleApp/Preview Content\"";
				DEVELOPMENT_TEAM = 7V6EA5DYR3;
				ENABLE_PREVIEWS = YES;
				INFOPLIST_FILE = SimpleApp/Info.plist;
				LD_RUNPATH_SEARCH_PATHS = (
					"$(inherited)",
					"@executable_path/Frameworks",
				);
				PRODUCT_BUNDLE_IDENTIFIER = fanruten.SimpleApp;
				PRODUCT_NAME = "$(TARGET_NAME)";
				SWIFT_VERSION = 5.0;
				TARGETED_DEVICE_FAMILY = "1,2";
			};
			name = Release;
		};
/* End XCBuildConfiguration section */

/* Begin XCConfigurationList section */
		B7F8D524246C5B71006022F3 /* Build configuration list for PBXProject "SimpleApp" */ = {
			isa = XCConfigurationList;
			buildConfigurations = (
				B7F8D53B246C5B75006022F3 /* Debug */,
				B7F8D53C246C5B75006022F3 /* Release */,
			);
			defaultConfigurationIsVisible = 0;
			defaultConfigurationName = Release;
		};
		B7F8D53D246C5B75006022F3 /* Build configuration list for PBXNativeTarget "SimpleApp" */ = {
			isa = XCConfigurationList;
			buildConfigurations = (
				B7F8D53E246C5B75006022F3 /* Debug */,
				B7F8D53F246C5B75006022F3 /* Release */,
			);
			defaultConfigurationIsVisible = 0;
			defaultConfigurationName = Release;
		};
/* End XCConfigurationList section */
	};
	rootObject = B7F8D521246C5B71006022F3 /* Project object */;
}
