// !$*UTF8*$!
{
	archiveVersion = 1;
	classes = {
	};
	objectVersion = 50;
	objects = {

/* Begin PBXBuildFile section */
		B7F8D503246C541F006022F3 /* TableController.h in Headers */ = {isa = PBXBuildFile; fileRef = B7F8D501246C541F006022F3 /* TableController.h */; settings = {ATTRIBUTES = (Public, ); }; };
		B7F8D515246C5461006022F3 /* AnimatedTableChange.swift in Sources */ = {isa = PBXBuildFile; fileRef = B7F8D50A246C5461006022F3 /* AnimatedTableChange.swift */; };
		B7F8D516246C5461006022F3 /* AutoDiffTableController.swift in Sources */ = {isa = PBXBuildFile; fileRef = B7F8D50B246C5461006022F3 /* AutoDiffTableController.swift */; };
		B7F8D517246C5461006022F3 /* ModelTranformGenerator.swift in Sources */ = {isa = PBXBuildFile; fileRef = B7F8D50C246C5461006022F3 /* ModelTranformGenerator.swift */; };
		B7F8D518246C5461006022F3 /* TableSection.swift in Sources */ = {isa = PBXBuildFile; fileRef = B7F8D50D246C5461006022F3 /* TableSection.swift */; };
		B7F8D519246C5461006022F3 /* ListDiff.swift in Sources */ = {isa = PBXBuildFile; fileRef = B7F8D50E246C5461006022F3 /* ListDiff.swift */; };
		B7F8D51B246C5462006022F3 /* AutoDiffViewController.swift in Sources */ = {isa = PBXBuildFile; fileRef = B7F8D510246C5461006022F3 /* AutoDiffViewController.swift */; };
		B7F8D51C246C5462006022F3 /* AutoDiffCollectionController.swift in Sources */ = {isa = PBXBuildFile; fileRef = B7F8D511246C5461006022F3 /* AutoDiffCollectionController.swift */; };
		B7F8D51D246C5462006022F3 /* CellHelper.swift in Sources */ = {isa = PBXBuildFile; fileRef = B7F8D512246C5461006022F3 /* CellHelper.swift */; };
		B7F8D51E246C5462006022F3 /* UICollection+Safe.swift in Sources */ = {isa = PBXBuildFile; fileRef = B7F8D513246C5461006022F3 /* UICollection+Safe.swift */; };
		B7F8D51F246C5462006022F3 /* TableModel.swift in Sources */ = {isa = PBXBuildFile; fileRef = B7F8D514246C5461006022F3 /* TableModel.swift */; };
		B7F8D543246C5F16006022F3 /* OverlayHighlightedCell.swift in Sources */ = {isa = PBXBuildFile; fileRef = B7F8D542246C5F16006022F3 /* OverlayHighlightedCell.swift */; };
/* End PBXBuildFile section */

/* Begin PBXFileReference section */
		B7F8D4FE246C541F006022F3 /* TableController.framework */ = {isa = PBXFileReference; explicitFileType = wrapper.framework; includeInIndex = 0; path = TableController.framework; sourceTree = BUILT_PRODUCTS_DIR; };
		B7F8D501246C541F006022F3 /* TableController.h */ = {isa = PBXFileReference; lastKnownFileType = sourcecode.c.h; path = TableController.h; sourceTree = "<group>"; };
		B7F8D502246C541F006022F3 /* Info.plist */ = {isa = PBXFileReference; lastKnownFileType = text.plist.xml; path = Info.plist; sourceTree = "<group>"; };
		B7F8D50A246C5461006022F3 /* AnimatedTableChange.swift */ = {isa = PBXFileReference; fileEncoding = 4; lastKnownFileType = sourcecode.swift; path = AnimatedTableChange.swift; sourceTree = "<group>"; };
		B7F8D50B246C5461006022F3 /* AutoDiffTableController.swift */ = {isa = PBXFileReference; fileEncoding = 4; lastKnownFileType = sourcecode.swift; path = AutoDiffTableController.swift; sourceTree = "<group>"; };
		B7F8D50C246C5461006022F3 /* ModelTranformGenerator.swift */ = {isa = PBXFileReference; fileEncoding = 4; lastKnownFileType = sourcecode.swift; path = ModelTranformGenerator.swift; sourceTree = "<group>"; };
		B7F8D50D246C5461006022F3 /* TableSection.swift */ = {isa = PBXFileReference; fileEncoding = 4; lastKnownFileType = sourcecode.swift; path = TableSection.swift; sourceTree = "<group>"; };
		B7F8D50E246C5461006022F3 /* ListDiff.swift */ = {isa = PBXFileReference; fileEncoding = 4; lastKnownFileType = sourcecode.swift; path = ListDiff.swift; sourceTree = "<group>"; };
		B7F8D510246C5461006022F3 /* AutoDiffViewController.swift */ = {isa = PBXFileReference; fileEncoding = 4; lastKnownFileType = sourcecode.swift; path = AutoDiffViewController.swift; sourceTree = "<group>"; };
		B7F8D511246C5461006022F3 /* AutoDiffCollectionController.swift */ = {isa = PBXFileReference; fileEncoding = 4; lastKnownFileType = sourcecode.swift; path = AutoDiffCollectionController.swift; sourceTree = "<group>"; };
		B7F8D512246C5461006022F3 /* CellHelper.swift */ = {isa = PBXFileReference; fileEncoding = 4; lastKnownFileType = sourcecode.swift; path = CellHelper.swift; sourceTree = "<group>"; };
		B7F8D513246C5461006022F3 /* UICollection+Safe.swift */ = {isa = PBXFileReference; fileEncoding = 4; lastKnownFileType = sourcecode.swift; path = "UICollection+Safe.swift"; sourceTree = "<group>"; };
		B7F8D514246C5461006022F3 /* TableModel.swift */ = {isa = PBXFileReference; fileEncoding = 4; lastKnownFileType = sourcecode.swift; path = TableModel.swift; sourceTree = "<group>"; };
		B7F8D542246C5F16006022F3 /* OverlayHighlightedCell.swift */ = {isa = PBXFileReference; fileEncoding = 4; lastKnownFileType = sourcecode.swift; path = OverlayHighlightedCell.swift; sourceTree = "<group>"; };
/* End PBXFileReference section */

/* Begin PBXFrameworksBuildPhase section */
		B7F8D4FB246C541F006022F3 /* Frameworks */ = {
			isa = PBXFrameworksBuildPhase;
			buildActionMask = 2147483647;
			files = (
			);
			runOnlyForDeploymentPostprocessing = 0;
		};
/* End PBXFrameworksBuildPhase section */

/* Begin PBXGroup section */
		B7F8D4F4246C541F006022F3 = {
			isa = PBXGroup;
			children = (
				B7F8D500246C541F006022F3 /* TableController */,
				B7F8D4FF246C541F006022F3 /* Products */,
			);
			sourceTree = "<group>";
		};
		B7F8D4FF246C541F006022F3 /* Products */ = {
			isa = PBXGroup;
			children = (
				B7F8D4FE246C541F006022F3 /* TableController.framework */,
			);
			name = Products;
			sourceTree = "<group>";
		};
		B7F8D500246C541F006022F3 /* TableController */ = {
			isa = PBXGroup;
			children = (
				B7F8D509246C5461006022F3 /* main */,
				B7F8D501246C541F006022F3 /* TableController.h */,
				B7F8D502246C541F006022F3 /* Info.plist */,
			);
			path = TableController;
			sourceTree = "<group>";
		};
		B7F8D509246C5461006022F3 /* main */ = {
			isa = PBXGroup;
			children = (
				B7F8D50A246C5461006022F3 /* AnimatedTableChange.swift */,
				B7F8D50B246C5461006022F3 /* AutoDiffTableController.swift */,
				B7F8D50C246C5461006022F3 /* ModelTranformGenerator.swift */,
				B7F8D50D246C5461006022F3 /* TableSection.swift */,
				B7F8D50E246C5461006022F3 /* ListDiff.swift */,
				B7F8D510246C5461006022F3 /* AutoDiffViewController.swift */,
				B7F8D542246C5F16006022F3 /* OverlayHighlightedCell.swift */,
				B7F8D511246C5461006022F3 /* AutoDiffCollectionController.swift */,
				B7F8D512246C5461006022F3 /* CellHelper.swift */,
				B7F8D513246C5461006022F3 /* UICollection+Safe.swift */,
				B7F8D514246C5461006022F3 /* TableModel.swift */,
			);
			path = main;
			sourceTree = "<group>";
		};
/* End PBXGroup section */

/* Begin PBXHeadersBuildPhase section */
		B7F8D4F9246C541F006022F3 /* Headers */ = {
			isa = PBXHeadersBuildPhase;
			buildActionMask = 2147483647;
			files = (
				B7F8D503246C541F006022F3 /* TableController.h in Headers */,
			);
			runOnlyForDeploymentPostprocessing = 0;
		};
/* End PBXHeadersBuildPhase section */

/* Begin PBXNativeTarget section */
		B7F8D4FD246C541F006022F3 /* TableController */ = {
			isa = PBXNativeTarget;
			buildConfigurationList = B7F8D506246C541F006022F3 /* Build configuration list for PBXNativeTarget "TableController" */;
			buildPhases = (
				B7F8D4F9246C541F006022F3 /* Headers */,
				B7F8D4FA246C541F006022F3 /* Sources */,
				B7F8D4FB246C541F006022F3 /* Frameworks */,
				B7F8D4FC246C541F006022F3 /* Resources */,
			);
			buildRules = (
			);
			dependencies = (
			);
			name = TableController;
			productName = TableController;
			productReference = B7F8D4FE246C541F006022F3 /* TableController.framework */;
			productType = "com.apple.product-type.framework";
		};
/* End PBXNativeTarget section */

/* Begin PBXProject section */
		B7F8D4F5246C541F006022F3 /* Project object */ = {
			isa = PBXProject;
			attributes = {
				LastUpgradeCheck = 1140;
				ORGANIZATIONNAME = "Ruslan V. Gumennyy";
				TargetAttributes = {
					B7F8D4FD246C541F006022F3 = {
						CreatedOnToolsVersion = 11.4;
					};
				};
			};
			buildConfigurationList = B7F8D4F8246C541F006022F3 /* Build configuration list for PBXProject "TableController" */;
			compatibilityVersion = "Xcode 9.3";
			developmentRegion = en;
			hasScannedForEncodings = 0;
			knownRegions = (
				en,
				Base,
			);
			mainGroup = B7F8D4F4246C541F006022F3;
			productRefGroup = B7F8D4FF246C541F006022F3 /* Products */;
			projectDirPath = "";
			projectRoot = "";
			targets = (
				B7F8D4FD246C541F006022F3 /* TableController */,
			);
		};
/* End PBXProject section */

/* Begin PBXResourcesBuildPhase section */
		B7F8D4FC246C541F006022F3 /* Resources */ = {
			isa = PBXResourcesBuildPhase;
			buildActionMask = 2147483647;
			files = (
			);
			runOnlyForDeploymentPostprocessing = 0;
		};
/* End PBXResourcesBuildPhase section */

/* Begin PBXSourcesBuildPhase section */
		B7F8D4FA246C541F006022F3 /* Sources */ = {
			isa = PBXSourcesBuildPhase;
			buildActionMask = 2147483647;
			files = (
				B7F8D519246C5461006022F3 /* ListDiff.swift in Sources */,
				B7F8D516246C5461006022F3 /* AutoDiffTableController.swift in Sources */,
				B7F8D51B246C5462006022F3 /* AutoDiffViewController.swift in Sources */,
				B7F8D543246C5F16006022F3 /* OverlayHighlightedCell.swift in Sources */,
				B7F8D51C246C5462006022F3 /* AutoDiffCollectionController.swift in Sources */,
				B7F8D51E246C5462006022F3 /* UICollection+Safe.swift in Sources */,
				B7F8D51F246C5462006022F3 /* TableModel.swift in Sources */,
				B7F8D51D246C5462006022F3 /* CellHelper.swift in Sources */,
				B7F8D515246C5461006022F3 /* AnimatedTableChange.swift in Sources */,
				B7F8D518246C5461006022F3 /* TableSection.swift in Sources */,
				B7F8D517246C5461006022F3 /* ModelTranformGenerator.swift in Sources */,
			);
			runOnlyForDeploymentPostprocessing = 0;
		};
/* End PBXSourcesBuildPhase section */

/* Begin XCBuildConfiguration section */
		B7F8D504246C541F006022F3 /* Debug */ = {
			isa = XCBuildConfiguration;
			buildSettings = {
				ALWAYS_SEARCH_USER_PATHS = NO;
				CLANG_ANALYZER_NONNULL = YES;
				CLANG_ANALYZER_NUMBER_OBJECT_CONVERSION = YES_AGGRESSIVE;
				CLANG_CXX_LANGUAGE_STANDARD = "gnu++14";
				CLANG_CXX_LIBRARY = "libc++";
				CLANG_ENABLE_MODULES = YES;
				CLANG_ENABLE_OBJC_ARC = YES;
				CLANG_ENABLE_OBJC_WEAK = YES;
				CLANG_WARN_BLOCK_CAPTURE_AUTORELEASING = YES;
				CLANG_WARN_BOOL_CONVERSION = YES;
				CLANG_WARN_COMMA = YES;
				CLANG_WARN_CONSTANT_CONVERSION = YES;
				CLANG_WARN_DEPRECATED_OBJC_IMPLEMENTATIONS = YES;
				CLANG_WARN_DIRECT_OBJC_ISA_USAGE = YES_ERROR;
				CLANG_WARN_DOCUMENTATION_COMMENTS = YES;
				CLANG_WARN_EMPTY_BODY = YES;
				CLANG_WARN_ENUM_CONVERSION = YES;
				CLANG_WARN_INFINITE_RECURSION = YES;
				CLANG_WARN_INT_CONVERSION = YES;
				CLANG_WARN_NON_LITERAL_NULL_CONVERSION = YES;
				CLANG_WARN_OBJC_IMPLICIT_RETAIN_SELF = YES;
				CLANG_WARN_OBJC_LITERAL_CONVERSION = YES;
				CLANG_WARN_OBJC_ROOT_CLASS = YES_ERROR;
				CLANG_WARN_RANGE_LOOP_ANALYSIS = YES;
				CLANG_WARN_STRICT_PROTOTYPES = YES;
				CLANG_WARN_SUSPICIOUS_MOVE = YES;
				CLANG_WARN_UNGUARDED_AVAILABILITY = YES_AGGRESSIVE;
				CLANG_WARN_UNREACHABLE_CODE = YES;
				CLANG_WARN__DUPLICATE_METHOD_MATCH = YES;
				COPY_PHASE_STRIP = NO;
				CURRENT_PROJECT_VERSION = 1;
				DEBUG_INFORMATION_FORMAT = dwarf;
				ENABLE_STRICT_OBJC_MSGSEND = YES;
				ENABLE_TESTABILITY = YES;
				GCC_C_LANGUAGE_STANDARD = gnu11;
				GCC_DYNAMIC_NO_PIC = NO;
				GCC_NO_COMMON_BLOCKS = YES;
				GCC_OPTIMIZATION_LEVEL = 0;
				GCC_PREPROCESSOR_DEFINITIONS = (
					"DEBUG=1",
					"$(inherited)",
				);
				GCC_WARN_64_TO_32_BIT_CONVERSION = YES;
				GCC_WARN_ABOUT_RETURN_TYPE = YES_ERROR;
				GCC_WARN_UNDECLARED_SELECTOR = YES;
				GCC_WARN_UNINITIALIZED_AUTOS = YES_AGGRESSIVE;
				GCC_WARN_UNUSED_FUNCTION = YES;
				GCC_WARN_UNUSED_VARIABLE = YES;
				IPHONEOS_DEPLOYMENT_TARGET = 13.4;
				MTL_ENABLE_DEBUG_INFO = INCLUDE_SOURCE;
				MTL_FAST_MATH = YES;
				ONLY_ACTIVE_ARCH = YES;
				SDKROOT = iphoneos;
				SWIFT_ACTIVE_COMPILATION_CONDITIONS = DEBUG;
				SWIFT_OPTIMIZATION_LEVEL = "-Onone";
				VERSIONING_SYSTEM = "apple-generic";
				VERSION_INFO_PREFIX = "";
			};
			name = Debug;
		};
		B7F8D505246C541F006022F3 /* Release */ = {
			isa = XCBuildConfiguration;
			buildSettings = {
				ALWAYS_SEARCH_USER_PATHS = NO;
				CLANG_ANALYZER_NONNULL = YES;
				CLANG_ANALYZER_NUMBER_OBJECT_CONVERSION = YES_AGGRESSIVE;
				CLANG_CXX_LANGUAGE_STANDARD = "gnu++14";
				CLANG_CXX_LIBRARY = "libc++";
				CLANG_ENABLE_MODULES = YES;
				CLANG_ENABLE_OBJC_ARC = YES;
				CLANG_ENABLE_OBJC_WEAK = YES;
				CLANG_WARN_BLOCK_CAPTURE_AUTORELEASING = YES;
				CLANG_WARN_BOOL_CONVERSION = YES;
				CLANG_WARN_COMMA = YES;
				CLANG_WARN_CONSTANT_CONVERSION = YES;
				CLANG_WARN_DEPRECATED_OBJC_IMPLEMENTATIONS = YES;
				CLANG_WARN_DIRECT_OBJC_ISA_USAGE = YES_ERROR;
				CLANG_WARN_DOCUMENTATION_COMMENTS = YES;
				CLANG_WARN_EMPTY_BODY = YES;
				CLANG_WARN_ENUM_CONVERSION = YES;
				CLANG_WARN_INFINITE_RECURSION = YES;
				CLANG_WARN_INT_CONVERSION = YES;
				CLANG_WARN_NON_LITERAL_NULL_CONVERSION = YES;
				CLANG_WARN_OBJC_IMPLICIT_RETAIN_SELF = YES;
				CLANG_WARN_OBJC_LITERAL_CONVERSION = YES;
				CLANG_WARN_OBJC_ROOT_CLASS = YES_ERROR;
				CLANG_WARN_RANGE_LOOP_ANALYSIS = YES;
				CLANG_WARN_STRICT_PROTOTYPES = YES;
				CLANG_WARN_SUSPICIOUS_MOVE = YES;
				CLANG_WARN_UNGUARDED_AVAILABILITY = YES_AGGRESSIVE;
				CLANG_WARN_UNREACHABLE_CODE = YES;
				CLANG_WARN__DUPLICATE_METHOD_MATCH = YES;
				COPY_PHASE_STRIP = NO;
				CURRENT_PROJECT_VERSION = 1;
				DEBUG_INFORMATION_FORMAT = "dwarf-with-dsym";
				ENABLE_NS_ASSERTIONS = NO;
				ENABLE_STRICT_OBJC_MSGSEND = YES;
				GCC_C_LANGUAGE_STANDARD = gnu11;
				GCC_NO_COMMON_BLOCKS = YES;
				GCC_WARN_64_TO_32_BIT_CONVERSION = YES;
				GCC_WARN_ABOUT_RETURN_TYPE = YES_ERROR;
				GCC_WARN_UNDECLARED_SELECTOR = YES;
				GCC_WARN_UNINITIALIZED_AUTOS = YES_AGGRESSIVE;
				GCC_WARN_UNUSED_FUNCTION = YES;
				GCC_WARN_UNUSED_VARIABLE = YES;
				IPHONEOS_DEPLOYMENT_TARGET = 13.4;
				MTL_ENABLE_DEBUG_INFO = NO;
				MTL_FAST_MATH = YES;
				SDKROOT = iphoneos;
				SWIFT_COMPILATION_MODE = wholemodule;
				SWIFT_OPTIMIZATION_LEVEL = "-O";
				VALIDATE_PRODUCT = YES;
				VERSIONING_SYSTEM = "apple-generic";
				VERSION_INFO_PREFIX = "";
			};
			name = Release;
		};
		B7F8D507246C541F006022F3 /* Debug */ = {
			isa = XCBuildConfiguration;
			buildSettings = {
				BUILD_LIBRARY_FOR_DISTRIBUTION = YES;
				CODE_SIGN_STYLE = Automatic;
				DEFINES_MODULE = YES;
				DEVELOPMENT_TEAM = 7V6EA5DYR3;
				DYLIB_COMPATIBILITY_VERSION = 1;
				DYLIB_CURRENT_VERSION = 1;
				DYLIB_INSTALL_NAME_BASE = "@rpath";
				INFOPLIST_FILE = TableController/Info.plist;
				INSTALL_PATH = "$(LOCAL_LIBRARY_DIR)/Frameworks";
				LD_RUNPATH_SEARCH_PATHS = (
					"$(inherited)",
					"@executable_path/Frameworks",
					"@loader_path/Frameworks",
				);
				PRODUCT_BUNDLE_IDENTIFIER = fanruten.TableController;
				PRODUCT_NAME = "$(TARGET_NAME:c99extidentifier)";
				SKIP_INSTALL = YES;
				SWIFT_VERSION = 5.0;
				TARGETED_DEVICE_FAMILY = "1,2";
			};
			name = Debug;
		};
		B7F8D508246C541F006022F3 /* Release */ = {
			isa = XCBuildConfiguration;
			buildSettings = {
				BUILD_LIBRARY_FOR_DISTRIBUTION = YES;
				CODE_SIGN_STYLE = Automatic;
				DEFINES_MODULE = YES;
				DEVELOPMENT_TEAM = 7V6EA5DYR3;
				DYLIB_COMPATIBILITY_VERSION = 1;
				DYLIB_CURRENT_VERSION = 1;
				DYLIB_INSTALL_NAME_BASE = "@rpath";
				INFOPLIST_FILE = TableController/Info.plist;
				INSTALL_PATH = "$(LOCAL_LIBRARY_DIR)/Frameworks";
				LD_RUNPATH_SEARCH_PATHS = (
					"$(inherited)",
					"@executable_path/Frameworks",
					"@loader_path/Frameworks",
				);
				PRODUCT_BUNDLE_IDENTIFIER = fanruten.TableController;
				PRODUCT_NAME = "$(TARGET_NAME:c99extidentifier)";
				SKIP_INSTALL = YES;
				SWIFT_VERSION = 5.0;
				TARGETED_DEVICE_FAMILY = "1,2";
			};
			name = Release;
		};
/* End XCBuildConfiguration section */

/* Begin XCConfigurationList section */
		B7F8D4F8246C541F006022F3 /* Build configuration list for PBXProject "TableController" */ = {
			isa = XCConfigurationList;
			buildConfigurations = (
				B7F8D504246C541F006022F3 /* Debug */,
				B7F8D505246C541F006022F3 /* Release */,
			);
			defaultConfigurationIsVisible = 0;
			defaultConfigurationName = Release;
		};
		B7F8D506246C541F006022F3 /* Build configuration list for PBXNativeTarget "TableController" */ = {
			isa = XCConfigurationList;
			buildConfigurations = (
				B7F8D507246C541F006022F3 /* Debug */,
				B7F8D508246C541F006022F3 /* Release */,
			);
			defaultConfigurationIsVisible = 0;
			defaultConfigurationName = Release;
		};
/* End XCConfigurationList section */
	};
	rootObject = B7F8D4F5246C541F006022F3 /* Project object */;
}
